// !$*UTF8*$!
{
	archiveVersion = 1;
	classes = {
	};
	objectVersion = 46;
	objects = {

/* Begin PBXBuildFile section */
		262BB66E18970F4500FE96C1 /* MainMenuViewController.m in Sources */ = {isa = PBXBuildFile; fileRef = 262BB66D18970F4500FE96C1 /* MainMenuViewController.m */; };
		267D29A7188EDE6900E33535 /* Foundation.framework in Frameworks */ = {isa = PBXBuildFile; fileRef = 267D29A6188EDE6900E33535 /* Foundation.framework */; };
		267D29A9188EDE6900E33535 /* CoreGraphics.framework in Frameworks */ = {isa = PBXBuildFile; fileRef = 267D29A8188EDE6900E33535 /* CoreGraphics.framework */; };
		267D29AB188EDE6900E33535 /* UIKit.framework in Frameworks */ = {isa = PBXBuildFile; fileRef = 267D29AA188EDE6900E33535 /* UIKit.framework */; };
		267D29B1188EDE6900E33535 /* InfoPlist.strings in Resources */ = {isa = PBXBuildFile; fileRef = 267D29AF188EDE6900E33535 /* InfoPlist.strings */; };
		267D29B3188EDE6900E33535 /* main.m in Sources */ = {isa = PBXBuildFile; fileRef = 267D29B2188EDE6900E33535 /* main.m */; };
		267D29B7188EDE6900E33535 /* AppDelegate.m in Sources */ = {isa = PBXBuildFile; fileRef = 267D29B6188EDE6900E33535 /* AppDelegate.m */; };
		267D29BA188EDE6900E33535 /* Main_iPhone.storyboard in Resources */ = {isa = PBXBuildFile; fileRef = 267D29B8188EDE6900E33535 /* Main_iPhone.storyboard */; };
		267D29BD188EDE6900E33535 /* Main_iPad.storyboard in Resources */ = {isa = PBXBuildFile; fileRef = 267D29BB188EDE6900E33535 /* Main_iPad.storyboard */; };
		267D29C0188EDE6900E33535 /* ViewController.m in Sources */ = {isa = PBXBuildFile; fileRef = 267D29BF188EDE6900E33535 /* ViewController.m */; };
		267D29C2188EDE6900E33535 /* Images.xcassets in Resources */ = {isa = PBXBuildFile; fileRef = 267D29C1188EDE6900E33535 /* Images.xcassets */; };
		267D29C9188EDE6900E33535 /* XCTest.framework in Frameworks */ = {isa = PBXBuildFile; fileRef = 267D29C8188EDE6900E33535 /* XCTest.framework */; };
		267D29CA188EDE6900E33535 /* Foundation.framework in Frameworks */ = {isa = PBXBuildFile; fileRef = 267D29A6188EDE6900E33535 /* Foundation.framework */; };
		267D29CB188EDE6900E33535 /* UIKit.framework in Frameworks */ = {isa = PBXBuildFile; fileRef = 267D29AA188EDE6900E33535 /* UIKit.framework */; };
		267D29D3188EDE6900E33535 /* InfoPlist.strings in Resources */ = {isa = PBXBuildFile; fileRef = 267D29D1188EDE6900E33535 /* InfoPlist.strings */; };
		267D29D5188EDE6900E33535 /* Assignment_1Tests.m in Sources */ = {isa = PBXBuildFile; fileRef = 267D29D4188EDE6900E33535 /* Assignment_1Tests.m */; };
		2694C21C1899D91D00CEDDC3 /* OptionsMenuViewController.m in Sources */ = {isa = PBXBuildFile; fileRef = 2694C21B1899D91D00CEDDC3 /* OptionsMenuViewController.m */; };
		2694C2201899DA1100CEDDC3 /* GameOptions.cpp in Sources */ = {isa = PBXBuildFile; fileRef = 2694C21E1899DA1100CEDDC3 /* GameOptions.cpp */; };
/* End PBXBuildFile section */

/* Begin PBXContainerItemProxy section */
		267D29CC188EDE6900E33535 /* PBXContainerItemProxy */ = {
			isa = PBXContainerItemProxy;
			containerPortal = 267D299B188EDE6900E33535 /* Project object */;
			proxyType = 1;
			remoteGlobalIDString = 267D29A2188EDE6900E33535;
			remoteInfo = "Assignment 1";
		};
/* End PBXContainerItemProxy section */

/* Begin PBXFileReference section */
		262BB66C18970F4500FE96C1 /* MainMenuViewController.h */ = {isa = PBXFileReference; fileEncoding = 4; lastKnownFileType = sourcecode.c.h; path = MainMenuViewController.h; sourceTree = "<group>"; };
		262BB66D18970F4500FE96C1 /* MainMenuViewController.m */ = {isa = PBXFileReference; fileEncoding = 4; lastKnownFileType = sourcecode.c.objc; path = MainMenuViewController.m; sourceTree = "<group>"; };
		267D29A3188EDE6900E33535 /* Assignment 1.app */ = {isa = PBXFileReference; explicitFileType = wrapper.application; includeInIndex = 0; path = "Assignment 1.app"; sourceTree = BUILT_PRODUCTS_DIR; };
		267D29A6188EDE6900E33535 /* Foundation.framework */ = {isa = PBXFileReference; lastKnownFileType = wrapper.framework; name = Foundation.framework; path = System/Library/Frameworks/Foundation.framework; sourceTree = SDKROOT; };
		267D29A8188EDE6900E33535 /* CoreGraphics.framework */ = {isa = PBXFileReference; lastKnownFileType = wrapper.framework; name = CoreGraphics.framework; path = System/Library/Frameworks/CoreGraphics.framework; sourceTree = SDKROOT; };
		267D29AA188EDE6900E33535 /* UIKit.framework */ = {isa = PBXFileReference; lastKnownFileType = wrapper.framework; name = UIKit.framework; path = System/Library/Frameworks/UIKit.framework; sourceTree = SDKROOT; };
		267D29AE188EDE6900E33535 /* Assignment 1-Info.plist */ = {isa = PBXFileReference; lastKnownFileType = text.plist.xml; path = "Assignment 1-Info.plist"; sourceTree = "<group>"; };
		267D29B0188EDE6900E33535 /* en */ = {isa = PBXFileReference; lastKnownFileType = text.plist.strings; name = en; path = en.lproj/InfoPlist.strings; sourceTree = "<group>"; };
		267D29B2188EDE6900E33535 /* main.m */ = {isa = PBXFileReference; lastKnownFileType = sourcecode.c.objc; path = main.m; sourceTree = "<group>"; };
		267D29B4188EDE6900E33535 /* Assignment 1-Prefix.pch */ = {isa = PBXFileReference; lastKnownFileType = sourcecode.c.h; path = "Assignment 1-Prefix.pch"; sourceTree = "<group>"; };
		267D29B5188EDE6900E33535 /* AppDelegate.h */ = {isa = PBXFileReference; lastKnownFileType = sourcecode.c.h; path = AppDelegate.h; sourceTree = "<group>"; };
		267D29B6188EDE6900E33535 /* AppDelegate.m */ = {isa = PBXFileReference; lastKnownFileType = sourcecode.c.objc; path = AppDelegate.m; sourceTree = "<group>"; };
		267D29B9188EDE6900E33535 /* Base */ = {isa = PBXFileReference; lastKnownFileType = file.storyboard; name = Base; path = Base.lproj/Main_iPhone.storyboard; sourceTree = "<group>"; };
		267D29BC188EDE6900E33535 /* Base */ = {isa = PBXFileReference; lastKnownFileType = file.storyboard; name = Base; path = Base.lproj/Main_iPad.storyboard; sourceTree = "<group>"; };
		267D29BE188EDE6900E33535 /* ViewController.h */ = {isa = PBXFileReference; lastKnownFileType = sourcecode.c.h; path = ViewController.h; sourceTree = "<group>"; };
		267D29BF188EDE6900E33535 /* ViewController.m */ = {isa = PBXFileReference; lastKnownFileType = sourcecode.c.objc; path = ViewController.m; sourceTree = "<group>"; };
		267D29C1188EDE6900E33535 /* Images.xcassets */ = {isa = PBXFileReference; lastKnownFileType = folder.assetcatalog; path = Images.xcassets; sourceTree = "<group>"; };
		267D29C7188EDE6900E33535 /* Assignment 1Tests.xctest */ = {isa = PBXFileReference; explicitFileType = wrapper.cfbundle; includeInIndex = 0; path = "Assignment 1Tests.xctest"; sourceTree = BUILT_PRODUCTS_DIR; };
		267D29C8188EDE6900E33535 /* XCTest.framework */ = {isa = PBXFileReference; lastKnownFileType = wrapper.framework; name = XCTest.framework; path = Library/Frameworks/XCTest.framework; sourceTree = DEVELOPER_DIR; };
		267D29D0188EDE6900E33535 /* Assignment 1Tests-Info.plist */ = {isa = PBXFileReference; lastKnownFileType = text.plist.xml; path = "Assignment 1Tests-Info.plist"; sourceTree = "<group>"; };
		267D29D2188EDE6900E33535 /* en */ = {isa = PBXFileReference; lastKnownFileType = text.plist.strings; name = en; path = en.lproj/InfoPlist.strings; sourceTree = "<group>"; };
		267D29D4188EDE6900E33535 /* Assignment_1Tests.m */ = {isa = PBXFileReference; lastKnownFileType = sourcecode.c.objc; path = Assignment_1Tests.m; sourceTree = "<group>"; };
		2694C21A1899D91D00CEDDC3 /* OptionsMenuViewController.h */ = {isa = PBXFileReference; fileEncoding = 4; lastKnownFileType = sourcecode.c.h; path = OptionsMenuViewController.h; sourceTree = "<group>"; };
		2694C21B1899D91D00CEDDC3 /* OptionsMenuViewController.m */ = {isa = PBXFileReference; fileEncoding = 4; lastKnownFileType = sourcecode.c.objc; path = OptionsMenuViewController.m; sourceTree = "<group>"; };
		2694C21E1899DA1100CEDDC3 /* GameOptions.cpp */ = {isa = PBXFileReference; fileEncoding = 4; lastKnownFileType = sourcecode.cpp.cpp; path = GameOptions.cpp; sourceTree = "<group>"; };
		2694C21F1899DA1100CEDDC3 /* GameOptions.h */ = {isa = PBXFileReference; fileEncoding = 4; lastKnownFileType = sourcecode.c.h; path = GameOptions.h; sourceTree = "<group>"; };
/* End PBXFileReference section */

/* Begin PBXFrameworksBuildPhase section */
		267D29A0188EDE6900E33535 /* Frameworks */ = {
			isa = PBXFrameworksBuildPhase;
			buildActionMask = 2147483647;
			files = (
				267D29A9188EDE6900E33535 /* CoreGraphics.framework in Frameworks */,
				267D29AB188EDE6900E33535 /* UIKit.framework in Frameworks */,
				267D29A7188EDE6900E33535 /* Foundation.framework in Frameworks */,
			);
			runOnlyForDeploymentPostprocessing = 0;
		};
		267D29C4188EDE6900E33535 /* Frameworks */ = {
			isa = PBXFrameworksBuildPhase;
			buildActionMask = 2147483647;
			files = (
				267D29C9188EDE6900E33535 /* XCTest.framework in Frameworks */,
				267D29CB188EDE6900E33535 /* UIKit.framework in Frameworks */,
				267D29CA188EDE6900E33535 /* Foundation.framework in Frameworks */,
			);
			runOnlyForDeploymentPostprocessing = 0;
		};
/* End PBXFrameworksBuildPhase section */

/* Begin PBXGroup section */
		267D299A188EDE6900E33535 = {
			isa = PBXGroup;
			children = (
				267D29AC188EDE6900E33535 /* Assignment 1 */,
				267D29CE188EDE6900E33535 /* Assignment 1Tests */,
				267D29A5188EDE6900E33535 /* Frameworks */,
				267D29A4188EDE6900E33535 /* Products */,
			);
			sourceTree = "<group>";
		};
		267D29A4188EDE6900E33535 /* Products */ = {
			isa = PBXGroup;
			children = (
				267D29A3188EDE6900E33535 /* Assignment 1.app */,
				267D29C7188EDE6900E33535 /* Assignment 1Tests.xctest */,
			);
			name = Products;
			sourceTree = "<group>";
		};
		267D29A5188EDE6900E33535 /* Frameworks */ = {
			isa = PBXGroup;
			children = (
				267D29A6188EDE6900E33535 /* Foundation.framework */,
				267D29A8188EDE6900E33535 /* CoreGraphics.framework */,
				267D29AA188EDE6900E33535 /* UIKit.framework */,
				267D29C8188EDE6900E33535 /* XCTest.framework */,
			);
			name = Frameworks;
			sourceTree = "<group>";
		};
		267D29AC188EDE6900E33535 /* Assignment 1 */ = {
			isa = PBXGroup;
			children = (
				2694C21D1899D9E700CEDDC3 /* C++ */,
				267D29B5188EDE6900E33535 /* AppDelegate.h */,
				267D29B6188EDE6900E33535 /* AppDelegate.m */,
				267D29B8188EDE6900E33535 /* Main_iPhone.storyboard */,
				267D29BB188EDE6900E33535 /* Main_iPad.storyboard */,
				267D29BE188EDE6900E33535 /* ViewController.h */,
				267D29BF188EDE6900E33535 /* ViewController.m */,
				267D29C1188EDE6900E33535 /* Images.xcassets */,
				267D29AD188EDE6900E33535 /* Supporting Files */,
				262BB66C18970F4500FE96C1 /* MainMenuViewController.h */,
				262BB66D18970F4500FE96C1 /* MainMenuViewController.m */,
			);
			path = "Assignment 1";
			sourceTree = "<group>";
		};
		267D29AD188EDE6900E33535 /* Supporting Files */ = {
			isa = PBXGroup;
			children = (
				2694C21A1899D91D00CEDDC3 /* OptionsMenuViewController.h */,
				2694C21B1899D91D00CEDDC3 /* OptionsMenuViewController.m */,
				267D29AE188EDE6900E33535 /* Assignment 1-Info.plist */,
				267D29AF188EDE6900E33535 /* InfoPlist.strings */,
				267D29B2188EDE6900E33535 /* main.m */,
				267D29B4188EDE6900E33535 /* Assignment 1-Prefix.pch */,
			);
			name = "Supporting Files";
			sourceTree = "<group>";
		};
		267D29CE188EDE6900E33535 /* Assignment 1Tests */ = {
			isa = PBXGroup;
			children = (
				267D29D4188EDE6900E33535 /* Assignment_1Tests.m */,
				267D29CF188EDE6900E33535 /* Supporting Files */,
			);
			path = "Assignment 1Tests";
			sourceTree = "<group>";
		};
		267D29CF188EDE6900E33535 /* Supporting Files */ = {
			isa = PBXGroup;
			children = (
				267D29D0188EDE6900E33535 /* Assignment 1Tests-Info.plist */,
				267D29D1188EDE6900E33535 /* InfoPlist.strings */,
			);
			name = "Supporting Files";
			sourceTree = "<group>";
		};
		2694C21D1899D9E700CEDDC3 /* C++ */ = {
			isa = PBXGroup;
			children = (
				2694C21E1899DA1100CEDDC3 /* GameOptions.cpp */,
				2694C21F1899DA1100CEDDC3 /* GameOptions.h */,
			);
			name = "C++";
			path = ..;
			sourceTree = "<group>";
		};
/* End PBXGroup section */

/* Begin PBXNativeTarget section */
		267D29A2188EDE6900E33535 /* Assignment 1 */ = {
			isa = PBXNativeTarget;
			buildConfigurationList = 267D29D8188EDE6900E33535 /* Build configuration list for PBXNativeTarget "Assignment 1" */;
			buildPhases = (
				267D299F188EDE6900E33535 /* Sources */,
				267D29A0188EDE6900E33535 /* Frameworks */,
				267D29A1188EDE6900E33535 /* Resources */,
			);
			buildRules = (
			);
			dependencies = (
			);
			name = "Assignment 1";
			productName = "Assignment 1";
			productReference = 267D29A3188EDE6900E33535 /* Assignment 1.app */;
			productType = "com.apple.product-type.application";
		};
		267D29C6188EDE6900E33535 /* Assignment 1Tests */ = {
			isa = PBXNativeTarget;
			buildConfigurationList = 267D29DB188EDE6900E33535 /* Build configuration list for PBXNativeTarget "Assignment 1Tests" */;
			buildPhases = (
				267D29C3188EDE6900E33535 /* Sources */,
				267D29C4188EDE6900E33535 /* Frameworks */,
				267D29C5188EDE6900E33535 /* Resources */,
			);
			buildRules = (
			);
			dependencies = (
				267D29CD188EDE6900E33535 /* PBXTargetDependency */,
			);
			name = "Assignment 1Tests";
			productName = "Assignment 1Tests";
			productReference = 267D29C7188EDE6900E33535 /* Assignment 1Tests.xctest */;
			productType = "com.apple.product-type.bundle.unit-test";
		};
/* End PBXNativeTarget section */

/* Begin PBXProject section */
		267D299B188EDE6900E33535 /* Project object */ = {
			isa = PBXProject;
			attributes = {
				LastUpgradeCheck = 0500;
				ORGANIZATIONNAME = "James Harper";
				TargetAttributes = {
					267D29C6188EDE6900E33535 = {
						TestTargetID = 267D29A2188EDE6900E33535;
					};
				};
			};
			buildConfigurationList = 267D299E188EDE6900E33535 /* Build configuration list for PBXProject "Assignment 1" */;
			compatibilityVersion = "Xcode 3.2";
			developmentRegion = English;
			hasScannedForEncodings = 0;
			knownRegions = (
				en,
				Base,
			);
			mainGroup = 267D299A188EDE6900E33535;
			productRefGroup = 267D29A4188EDE6900E33535 /* Products */;
			projectDirPath = "";
			projectRoot = "";
			targets = (
				267D29A2188EDE6900E33535 /* Assignment 1 */,
				267D29C6188EDE6900E33535 /* Assignment 1Tests */,
			);
		};
/* End PBXProject section */

/* Begin PBXResourcesBuildPhase section */
		267D29A1188EDE6900E33535 /* Resources */ = {
			isa = PBXResourcesBuildPhase;
			buildActionMask = 2147483647;
			files = (
				267D29BD188EDE6900E33535 /* Main_iPad.storyboard in Resources */,
				267D29C2188EDE6900E33535 /* Images.xcassets in Resources */,
				267D29BA188EDE6900E33535 /* Main_iPhone.storyboard in Resources */,
				267D29B1188EDE6900E33535 /* InfoPlist.strings in Resources */,
			);
			runOnlyForDeploymentPostprocessing = 0;
		};
		267D29C5188EDE6900E33535 /* Resources */ = {
			isa = PBXResourcesBuildPhase;
			buildActionMask = 2147483647;
			files = (
				267D29D3188EDE6900E33535 /* InfoPlist.strings in Resources */,
			);
			runOnlyForDeploymentPostprocessing = 0;
		};
/* End PBXResourcesBuildPhase section */

/* Begin PBXSourcesBuildPhase section */
		267D299F188EDE6900E33535 /* Sources */ = {
			isa = PBXSourcesBuildPhase;
			buildActionMask = 2147483647;
			files = (
				262BB66E18970F4500FE96C1 /* MainMenuViewController.m in Sources */,
				267D29C0188EDE6900E33535 /* ViewController.m in Sources */,
				2694C2201899DA1100CEDDC3 /* GameOptions.cpp in Sources */,
				267D29B7188EDE6900E33535 /* AppDelegate.m in Sources */,
				2694C21C1899D91D00CEDDC3 /* OptionsMenuViewController.m in Sources */,
				267D29B3188EDE6900E33535 /* main.m in Sources */,
			);
			runOnlyForDeploymentPostprocessing = 0;
		};
		267D29C3188EDE6900E33535 /* Sources */ = {
			isa = PBXSourcesBuildPhase;
			buildActionMask = 2147483647;
			files = (
				267D29D5188EDE6900E33535 /* Assignment_1Tests.m in Sources */,
			);
			runOnlyForDeploymentPostprocessing = 0;
		};
/* End PBXSourcesBuildPhase section */

/* Begin PBXTargetDependency section */
		267D29CD188EDE6900E33535 /* PBXTargetDependency */ = {
			isa = PBXTargetDependency;
			target = 267D29A2188EDE6900E33535 /* Assignment 1 */;
			targetProxy = 267D29CC188EDE6900E33535 /* PBXContainerItemProxy */;
		};
/* End PBXTargetDependency section */

/* Begin PBXVariantGroup section */
		267D29AF188EDE6900E33535 /* InfoPlist.strings */ = {
			isa = PBXVariantGroup;
			children = (
				267D29B0188EDE6900E33535 /* en */,
			);
			name = InfoPlist.strings;
			sourceTree = "<group>";
		};
		267D29B8188EDE6900E33535 /* Main_iPhone.storyboard */ = {
			isa = PBXVariantGroup;
			children = (
				267D29B9188EDE6900E33535 /* Base */,
			);
			name = Main_iPhone.storyboard;
			sourceTree = "<group>";
		};
		267D29BB188EDE6900E33535 /* Main_iPad.storyboard */ = {
			isa = PBXVariantGroup;
			children = (
				267D29BC188EDE6900E33535 /* Base */,
			);
			name = Main_iPad.storyboard;
			sourceTree = "<group>";
		};
		267D29D1188EDE6900E33535 /* InfoPlist.strings */ = {
			isa = PBXVariantGroup;
			children = (
				267D29D2188EDE6900E33535 /* en */,
			);
			name = InfoPlist.strings;
			sourceTree = "<group>";
		};
/* End PBXVariantGroup section */

/* Begin XCBuildConfiguration section */
		267D29D6188EDE6900E33535 /* Debug */ = {
			isa = XCBuildConfiguration;
			buildSettings = {
				ALWAYS_SEARCH_USER_PATHS = NO;
				ARCHS = "$(ARCHS_STANDARD_INCLUDING_64_BIT)";
				CLANG_CXX_LANGUAGE_STANDARD = "gnu++0x";
				CLANG_CXX_LIBRARY = "libc++";
				CLANG_ENABLE_MODULES = YES;
				CLANG_ENABLE_OBJC_ARC = YES;
				CLANG_WARN_BOOL_CONVERSION = YES;
				CLANG_WARN_CONSTANT_CONVERSION = YES;
				CLANG_WARN_DIRECT_OBJC_ISA_USAGE = YES_ERROR;
				CLANG_WARN_EMPTY_BODY = YES;
				CLANG_WARN_ENUM_CONVERSION = YES;
				CLANG_WARN_INT_CONVERSION = YES;
				CLANG_WARN_OBJC_ROOT_CLASS = YES_ERROR;
				CLANG_WARN__DUPLICATE_METHOD_MATCH = YES;
				"CODE_SIGN_IDENTITY[sdk=iphoneos*]" = "iPhone Developer";
				COPY_PHASE_STRIP = NO;
				GCC_C_LANGUAGE_STANDARD = gnu99;
				GCC_DYNAMIC_NO_PIC = NO;
				GCC_OPTIMIZATION_LEVEL = 0;
				GCC_PREPROCESSOR_DEFINITIONS = (
					"DEBUG=1",
					"$(inherited)",
				);
				GCC_SYMBOLS_PRIVATE_EXTERN = NO;
				GCC_WARN_64_TO_32_BIT_CONVERSION = YES;
				GCC_WARN_ABOUT_RETURN_TYPE = YES_ERROR;
				GCC_WARN_UNDECLARED_SELECTOR = YES;
				GCC_WARN_UNINITIALIZED_AUTOS = YES;
				GCC_WARN_UNUSED_FUNCTION = YES;
				GCC_WARN_UNUSED_VARIABLE = YES;
				IPHONEOS_DEPLOYMENT_TARGET = 7.0;
				ONLY_ACTIVE_ARCH = YES;
				SDKROOT = iphoneos;
				TARGETED_DEVICE_FAMILY = "1,2";
			};
			name = Debug;
		};
		267D29D7188EDE6900E33535 /* Release */ = {
			isa = XCBuildConfiguration;
			buildSettings = {
				ALWAYS_SEARCH_USER_PATHS = NO;
				ARCHS = "$(ARCHS_STANDARD_INCLUDING_64_BIT)";
				CLANG_CXX_LANGUAGE_STANDARD = "gnu++0x";
				CLANG_CXX_LIBRARY = "libc++";
				CLANG_ENABLE_MODULES = YES;
				CLANG_ENABLE_OBJC_ARC = YES;
				CLANG_WARN_BOOL_CONVERSION = YES;
				CLANG_WARN_CONSTANT_CONVERSION = YES;
				CLANG_WARN_DIRECT_OBJC_ISA_USAGE = YES_ERROR;
				CLANG_WARN_EMPTY_BODY = YES;
				CLANG_WARN_ENUM_CONVERSION = YES;
				CLANG_WARN_INT_CONVERSION = YES;
				CLANG_WARN_OBJC_ROOT_CLASS = YES_ERROR;
				CLANG_WARN__DUPLICATE_METHOD_MATCH = YES;
				"CODE_SIGN_IDENTITY[sdk=iphoneos*]" = "iPhone Developer";
				COPY_PHASE_STRIP = YES;
				ENABLE_NS_ASSERTIONS = NO;
				GCC_C_LANGUAGE_STANDARD = gnu99;
				GCC_WARN_64_TO_32_BIT_CONVERSION = YES;
				GCC_WARN_ABOUT_RETURN_TYPE = YES_ERROR;
				GCC_WARN_UNDECLARED_SELECTOR = YES;
				GCC_WARN_UNINITIALIZED_AUTOS = YES;
				GCC_WARN_UNUSED_FUNCTION = YES;
				GCC_WARN_UNUSED_VARIABLE = YES;
				IPHONEOS_DEPLOYMENT_TARGET = 7.0;
				SDKROOT = iphoneos;
				TARGETED_DEVICE_FAMILY = "1,2";
				VALIDATE_PRODUCT = YES;
			};
			name = Release;
		};
		267D29D9188EDE6900E33535 /* Debug */ = {
			isa = XCBuildConfiguration;
			buildSettings = {
				ASSETCATALOG_COMPILER_APPICON_NAME = AppIcon;
				ASSETCATALOG_COMPILER_LAUNCHIMAGE_NAME = LaunchImage;
				GCC_PRECOMPILE_PREFIX_HEADER = YES;
				GCC_PREFIX_HEADER = "Assignment 1/Assignment 1-Prefix.pch";
				INFOPLIST_FILE = "Assignment 1/Assignment 1-Info.plist";
				PRODUCT_NAME = "$(TARGET_NAME)";
				WRAPPER_EXTENSION = app;
			};
			name = Debug;
		};
		267D29DA188EDE6900E33535 /* Release */ = {
			isa = XCBuildConfiguration;
			buildSettings = {
				ASSETCATALOG_COMPILER_APPICON_NAME = AppIcon;
				ASSETCATALOG_COMPILER_LAUNCHIMAGE_NAME = LaunchImage;
				GCC_PRECOMPILE_PREFIX_HEADER = YES;
				GCC_PREFIX_HEADER = "Assignment 1/Assignment 1-Prefix.pch";
				INFOPLIST_FILE = "Assignment 1/Assignment 1-Info.plist";
				PRODUCT_NAME = "$(TARGET_NAME)";
				WRAPPER_EXTENSION = app;
			};
			name = Release;
		};
		267D29DC188EDE6900E33535 /* Debug */ = {
			isa = XCBuildConfiguration;
			buildSettings = {
				ARCHS = "$(ARCHS_STANDARD_INCLUDING_64_BIT)";
				BUNDLE_LOADER = "$(BUILT_PRODUCTS_DIR)/Assignment 1.app/Assignment 1";
				FRAMEWORK_SEARCH_PATHS = (
					"$(SDKROOT)/Developer/Library/Frameworks",
					"$(inherited)",
					"$(DEVELOPER_FRAMEWORKS_DIR)",
				);
				GCC_PRECOMPILE_PREFIX_HEADER = YES;
				GCC_PREFIX_HEADER = "Assignment 1/Assignment 1-Prefix.pch";
				GCC_PREPROCESSOR_DEFINITIONS = (
					"DEBUG=1",
					"$(inherited)",
				);
				INFOPLIST_FILE = "Assignment 1Tests/Assignment 1Tests-Info.plist";
				PRODUCT_NAME = "$(TARGET_NAME)";
				TEST_HOST = "$(BUNDLE_LOADER)";
				WRAPPER_EXTENSION = xctest;
			};
			name = Debug;
		};
		267D29DD188EDE6900E33535 /* Release */ = {
			isa = XCBuildConfiguration;
			buildSettings = {
				ARCHS = "$(ARCHS_STANDARD_INCLUDING_64_BIT)";
				BUNDLE_LOADER = "$(BUILT_PRODUCTS_DIR)/Assignment 1.app/Assignment 1";
				FRAMEWORK_SEARCH_PATHS = (
					"$(SDKROOT)/Developer/Library/Frameworks",
					"$(inherited)",
					"$(DEVELOPER_FRAMEWORKS_DIR)",
				);
				GCC_PRECOMPILE_PREFIX_HEADER = YES;
				GCC_PREFIX_HEADER = "Assignment 1/Assignment 1-Prefix.pch";
				INFOPLIST_FILE = "Assignment 1Tests/Assignment 1Tests-Info.plist";
				PRODUCT_NAME = "$(TARGET_NAME)";
				TEST_HOST = "$(BUNDLE_LOADER)";
				WRAPPER_EXTENSION = xctest;
			};
			name = Release;
		};
/* End XCBuildConfiguration section */

/* Begin XCConfigurationList section */
		267D299E188EDE6900E33535 /* Build configuration list for PBXProject "Assignment 1" */ = {
			isa = XCConfigurationList;
			buildConfigurations = (
				267D29D6188EDE6900E33535 /* Debug */,
				267D29D7188EDE6900E33535 /* Release */,
			);
			defaultConfigurationIsVisible = 0;
			defaultConfigurationName = Release;
		};
		267D29D8188EDE6900E33535 /* Build configuration list for PBXNativeTarget "Assignment 1" */ = {
			isa = XCConfigurationList;
			buildConfigurations = (
				267D29D9188EDE6900E33535 /* Debug */,
				267D29DA188EDE6900E33535 /* Release */,
			);
			defaultConfigurationIsVisible = 0;
			defaultConfigurationName = Release;
		};
		267D29DB188EDE6900E33535 /* Build configuration list for PBXNativeTarget "Assignment 1Tests" */ = {
			isa = XCConfigurationList;
			buildConfigurations = (
				267D29DC188EDE6900E33535 /* Debug */,
				267D29DD188EDE6900E33535 /* Release */,
			);
			defaultConfigurationIsVisible = 0;
			defaultConfigurationName = Release;
		};
/* End XCConfigurationList section */
	};
	rootObject = 267D299B188EDE6900E33535 /* Project object */;
}
